
Microsoft Visual Studio Solution File, Format Version 12.00
# Visual Studio Version 17
VisualStudioVersion = 17.2.32616.157
MinimumVisualStudioVersion = 10.0.40219.1
Project("{FAE04EC0-301F-11D3-BF4B-00C04F79EFBC}") = "MDM4", "MDM4\MDM4.csproj", "{CC0A2A79-C8A6-4E52-AD46-D91D738CCC87}"
EndProject
Global
	GlobalSection(SolutionConfigurationPlatforms) = preSolution
		Debug|Any CPU = Debug|Any CPU
		Release|Any CPU = Release|Any CPU
	EndGlobalSection
	GlobalSection(ProjectConfigurationPlatforms) = postSolution
		{CC0A2A79-C8A6-4E52-AD46-D91D738CCC87}.Debug|Any CPU.ActiveCfg = Debug|Any CPU
		{CC0A2A79-C8A6-4E52-AD46-D91D738CCC87}.Debug|Any CPU.Build.0 = Debug|Any CPU
		{CC0A2A79-C8A6-4E52-AD46-D91D738CCC87}.Release|Any CPU.ActiveCfg = Release|Any CPU
		{CC0A2A79-C8A6-4E52-AD46-D91D738CCC87}.Release|Any CPU.Build.0 = Release|Any CPU
	EndGlobalSection
	GlobalSection(SolutionProperties) = preSolution
		HideSolutionNode = FALSE
	EndGlobalSection
	GlobalSection(ExtensibilityGlobals) = postSolution
		SolutionGuid = {D2F9FCE3-0F61-4025-92CB-6540EC97CD37}
	EndGlobalSection
EndGlobal
